
Microsoft Visual Studio Solution File, Format Version 12.00
# Visual Studio 15
VisualStudioVersion = 15.0.28307.539
MinimumVisualStudioVersion = 10.0.40219.1
Project("{FAE04EC0-301F-11D3-BF4B-00C04F79EFBC}") = "SeleniumTesting", "SeleniumTesting\SeleniumTesting.csproj", "{73DC42F2-A6EE-45B5-B0F4-C18CD3DF420A}"
EndProject
Global
	GlobalSection(SolutionConfigurationPlatforms) = preSolution
		Debug|Any CPU = Debug|Any CPU
		Release|Any CPU = Release|Any CPU
	EndGlobalSection
	GlobalSection(ProjectConfigurationPlatforms) = postSolution
		{73DC42F2-A6EE-45B5-B0F4-C18CD3DF420A}.Debug|Any CPU.ActiveCfg = Debug|Any CPU
		{73DC42F2-A6EE-45B5-B0F4-C18CD3DF420A}.Debug|Any CPU.Build.0 = Debug|Any CPU
		{73DC42F2-A6EE-45B5-B0F4-C18CD3DF420A}.Release|Any CPU.ActiveCfg = Release|Any CPU
		{73DC42F2-A6EE-45B5-B0F4-C18CD3DF420A}.Release|Any CPU.Build.0 = Release|Any CPU
	EndGlobalSection
	GlobalSection(SolutionProperties) = preSolution
		HideSolutionNode = FALSE
	EndGlobalSection
	GlobalSection(ExtensibilityGlobals) = postSolution
		SolutionGuid = {92D4225D-4092-443C-BCDA-393315F143A6}
	EndGlobalSection
EndGlobal
