
Microsoft Visual Studio Solution File, Format Version 12.00
# Visual Studio Version 16
VisualStudioVersion = 16.0.29411.108
MinimumVisualStudioVersion = 10.0.40219.1
Project("{FAE04EC0-301F-11D3-BF4B-00C04F79EFBC}") = "InequalityTriangles", "InequalityTriangles.csproj", "{71D99816-1C9A-4E18-ACE0-A7F5D9B33400}"
EndProject
Project("{FAE04EC0-301F-11D3-BF4B-00C04F79EFBC}") = "InequalityTriangles.Test", "..\UnitTestProject1\InequalityTriangles.Test.csproj", "{F31780B8-BF10-4D53-983B-509E61877BEC}"
EndProject
Global
	GlobalSection(SolutionConfigurationPlatforms) = preSolution
		Debug|Any CPU = Debug|Any CPU
		Debug|x64 = Debug|x64
		Debug|x86 = Debug|x86
		Release|Any CPU = Release|Any CPU
		Release|x64 = Release|x64
		Release|x86 = Release|x86
	EndGlobalSection
	GlobalSection(ProjectConfigurationPlatforms) = postSolution
		{71D99816-1C9A-4E18-ACE0-A7F5D9B33400}.Debug|Any CPU.ActiveCfg = Debug|Any CPU
		{71D99816-1C9A-4E18-ACE0-A7F5D9B33400}.Debug|Any CPU.Build.0 = Debug|Any CPU
		{71D99816-1C9A-4E18-ACE0-A7F5D9B33400}.Debug|x64.ActiveCfg = Debug|Any CPU
		{71D99816-1C9A-4E18-ACE0-A7F5D9B33400}.Debug|x64.Build.0 = Debug|Any CPU
		{71D99816-1C9A-4E18-ACE0-A7F5D9B33400}.Debug|x86.ActiveCfg = Debug|Any CPU
		{71D99816-1C9A-4E18-ACE0-A7F5D9B33400}.Debug|x86.Build.0 = Debug|Any CPU
		{71D99816-1C9A-4E18-ACE0-A7F5D9B33400}.Release|Any CPU.ActiveCfg = Release|Any CPU
		{71D99816-1C9A-4E18-ACE0-A7F5D9B33400}.Release|Any CPU.Build.0 = Release|Any CPU
		{71D99816-1C9A-4E18-ACE0-A7F5D9B33400}.Release|x64.ActiveCfg = Release|Any CPU
		{71D99816-1C9A-4E18-ACE0-A7F5D9B33400}.Release|x64.Build.0 = Release|Any CPU
		{71D99816-1C9A-4E18-ACE0-A7F5D9B33400}.Release|x86.ActiveCfg = Release|Any CPU
		{71D99816-1C9A-4E18-ACE0-A7F5D9B33400}.Release|x86.Build.0 = Release|Any CPU
		{F31780B8-BF10-4D53-983B-509E61877BEC}.Debug|Any CPU.ActiveCfg = Debug|Any CPU
		{F31780B8-BF10-4D53-983B-509E61877BEC}.Debug|Any CPU.Build.0 = Debug|Any CPU
		{F31780B8-BF10-4D53-983B-509E61877BEC}.Debug|x64.ActiveCfg = Debug|Any CPU
		{F31780B8-BF10-4D53-983B-509E61877BEC}.Debug|x64.Build.0 = Debug|Any CPU
		{F31780B8-BF10-4D53-983B-509E61877BEC}.Debug|x86.ActiveCfg = Debug|Any CPU
		{F31780B8-BF10-4D53-983B-509E61877BEC}.Debug|x86.Build.0 = Debug|Any CPU
		{F31780B8-BF10-4D53-983B-509E61877BEC}.Release|Any CPU.ActiveCfg = Release|Any CPU
		{F31780B8-BF10-4D53-983B-509E61877BEC}.Release|Any CPU.Build.0 = Release|Any CPU
		{F31780B8-BF10-4D53-983B-509E61877BEC}.Release|x64.ActiveCfg = Release|Any CPU
		{F31780B8-BF10-4D53-983B-509E61877BEC}.Release|x64.Build.0 = Release|Any CPU
		{F31780B8-BF10-4D53-983B-509E61877BEC}.Release|x86.ActiveCfg = Release|Any CPU
		{F31780B8-BF10-4D53-983B-509E61877BEC}.Release|x86.Build.0 = Release|Any CPU
	EndGlobalSection
	GlobalSection(SolutionProperties) = preSolution
		HideSolutionNode = FALSE
	EndGlobalSection
	GlobalSection(ExtensibilityGlobals) = postSolution
		SolutionGuid = {92324277-696D-49C6-A6C7-4AA7EFD40E83}
	EndGlobalSection
EndGlobal
